
Microsoft Visual Studio Solution File, Format Version 12.00
# Visual Studio Version 17
VisualStudioVersion = 17.0.31912.275
MinimumVisualStudioVersion = 10.0.40219.1
Project("{FAE04EC0-301F-11D3-BF4B-00C04F79EFBC}") = "DesafioWakkeOficial", "DesafioWakkeOficial\DesafioWakkeOficial.csproj", "{50CD177D-3ED6-477A-8943-89C1E80806D6}"
EndProject
Global
	GlobalSection(SolutionConfigurationPlatforms) = preSolution
		Debug|Any CPU = Debug|Any CPU
		Release|Any CPU = Release|Any CPU
	EndGlobalSection
	GlobalSection(ProjectConfigurationPlatforms) = postSolution
		{50CD177D-3ED6-477A-8943-89C1E80806D6}.Debug|Any CPU.ActiveCfg = Debug|Any CPU
		{50CD177D-3ED6-477A-8943-89C1E80806D6}.Debug|Any CPU.Build.0 = Debug|Any CPU
		{50CD177D-3ED6-477A-8943-89C1E80806D6}.Release|Any CPU.ActiveCfg = Release|Any CPU
		{50CD177D-3ED6-477A-8943-89C1E80806D6}.Release|Any CPU.Build.0 = Release|Any CPU
	EndGlobalSection
	GlobalSection(SolutionProperties) = preSolution
		HideSolutionNode = FALSE
	EndGlobalSection
	GlobalSection(ExtensibilityGlobals) = postSolution
		SolutionGuid = {07119609-2B50-4682-A434-03C3B555A618}
	EndGlobalSection
EndGlobal
